// !$*UTF8*$!
{
	archiveVersion = 1;
	classes = {
	};
	objectVersion = 46;
	objects = {

/* Begin PBXBuildFile section */
		641856E31B1205BC000278E9 /* main.c in Sources */ = {isa = PBXBuildFile; fileRef = 641856E21B1205BC000278E9 /* main.c */; };
		641856F01B12098A000278E9 /* main.c in Sources */ = {isa = PBXBuildFile; fileRef = 641856EF1B12098A000278E9 /* main.c */; };
		641856FB1B121F92000278E9 /* main.c in Sources */ = {isa = PBXBuildFile; fileRef = 641856FA1B121F92000278E9 /* main.c */; };
/* End PBXBuildFile section */

/* Begin PBXCopyFilesBuildPhase section */
		641856DD1B1205BC000278E9 /* CopyFiles */ = {
			isa = PBXCopyFilesBuildPhase;
			buildActionMask = 2147483647;
			dstPath = /usr/share/man/man1/;
			dstSubfolderSpec = 0;
			files = (
			);
			runOnlyForDeploymentPostprocessing = 1;
		};
		641856EB1B12098A000278E9 /* CopyFiles */ = {
			isa = PBXCopyFilesBuildPhase;
			buildActionMask = 2147483647;
			dstPath = /usr/share/man/man1/;
			dstSubfolderSpec = 0;
			files = (
			);
			runOnlyForDeploymentPostprocessing = 1;
		};
		641856F61B121F92000278E9 /* CopyFiles */ = {
			isa = PBXCopyFilesBuildPhase;
			buildActionMask = 2147483647;
			dstPath = /usr/share/man/man1/;
			dstSubfolderSpec = 0;
			files = (
			);
			runOnlyForDeploymentPostprocessing = 1;
		};
/* End PBXCopyFilesBuildPhase section */

/* Begin PBXFileReference section */
		641856DF1B1205BC000278E9 /* C6-函数的使用 */ = {isa = PBXFileReference; explicitFileType = "compiled.mach-o.executable"; includeInIndex = 0; path = "C6-函数的使用"; sourceTree = BUILT_PRODUCTS_DIR; };
		641856E21B1205BC000278E9 /* main.c */ = {isa = PBXFileReference; lastKnownFileType = sourcecode.c.c; path = main.c; sourceTree = "<group>"; };
		641856ED1B12098A000278E9 /* 07-有参有返回值 */ = {isa = PBXFileReference; explicitFileType = "compiled.mach-o.executable"; includeInIndex = 0; path = "07-有参有返回值"; sourceTree = BUILT_PRODUCTS_DIR; };
		641856EF1B12098A000278E9 /* main.c */ = {isa = PBXFileReference; lastKnownFileType = sourcecode.c.c; path = main.c; sourceTree = "<group>"; };
		641856F81B121F92000278E9 /* 13-打印图形 */ = {isa = PBXFileReference; explicitFileType = "compiled.mach-o.executable"; includeInIndex = 0; path = "13-打印图形"; sourceTree = BUILT_PRODUCTS_DIR; };
		641856FA1B121F92000278E9 /* main.c */ = {isa = PBXFileReference; lastKnownFileType = sourcecode.c.c; path = main.c; sourceTree = "<group>"; };
/* End PBXFileReference section */

/* Begin PBXFrameworksBuildPhase section */
		641856DC1B1205BC000278E9 /* Frameworks */ = {
			isa = PBXFrameworksBuildPhase;
			buildActionMask = 2147483647;
			files = (
			);
			runOnlyForDeploymentPostprocessing = 0;
		};
		641856EA1B12098A000278E9 /* Frameworks */ = {
			isa = PBXFrameworksBuildPhase;
			buildActionMask = 2147483647;
			files = (
			);
			runOnlyForDeploymentPostprocessing = 0;
		};
		641856F51B121F92000278E9 /* Frameworks */ = {
			isa = PBXFrameworksBuildPhase;
			buildActionMask = 2147483647;
			files = (
			);
			runOnlyForDeploymentPostprocessing = 0;
		};
/* End PBXFrameworksBuildPhase section */

/* Begin PBXGroup section */
		641856D61B1205BC000278E9 = {
			isa = PBXGroup;
			children = (
				641856E11B1205BC000278E9 /* C6-函数的使用 */,
				641856EE1B12098A000278E9 /* 07-有参有返回值 */,
				641856F91B121F92000278E9 /* 13-打印图形 */,
				641856E01B1205BC000278E9 /* Products */,
			);
			sourceTree = "<group>";
		};
		641856E01B1205BC000278E9 /* Products */ = {
			isa = PBXGroup;
			children = (
				641856DF1B1205BC000278E9 /* C6-函数的使用 */,
				641856ED1B12098A000278E9 /* 07-有参有返回值 */,
				641856F81B121F92000278E9 /* 13-打印图形 */,
			);
			name = Products;
			sourceTree = "<group>";
		};
		641856E11B1205BC000278E9 /* C6-函数的使用 */ = {
			isa = PBXGroup;
			children = (
				641856E21B1205BC000278E9 /* main.c */,
			);
			path = "C6-函数的使用";
			sourceTree = "<group>";
		};
		641856EE1B12098A000278E9 /* 07-有参有返回值 */ = {
			isa = PBXGroup;
			children = (
				641856EF1B12098A000278E9 /* main.c */,
			);
			path = "07-有参有返回值";
			sourceTree = "<group>";
		};
		641856F91B121F92000278E9 /* 13-打印图形 */ = {
			isa = PBXGroup;
			children = (
				641856FA1B121F92000278E9 /* main.c */,
			);
			path = "13-打印图形";
			sourceTree = "<group>";
		};
/* End PBXGroup section */

/* Begin PBXNativeTarget section */
		641856DE1B1205BC000278E9 /* C6-函数的使用 */ = {
			isa = PBXNativeTarget;
			buildConfigurationList = 641856E61B1205BC000278E9 /* Build configuration list for PBXNativeTarget "C6-函数的使用" */;
			buildPhases = (
				641856DB1B1205BC000278E9 /* Sources */,
				641856DC1B1205BC000278E9 /* Frameworks */,
				641856DD1B1205BC000278E9 /* CopyFiles */,
			);
			buildRules = (
			);
			dependencies = (
			);
			name = "C6-函数的使用";
			productName = "C6-函数的使用";
			productReference = 641856DF1B1205BC000278E9 /* C6-函数的使用 */;
			productType = "com.apple.product-type.tool";
		};
		641856EC1B12098A000278E9 /* 07-有参有返回值 */ = {
			isa = PBXNativeTarget;
			buildConfigurationList = 641856F11B12098A000278E9 /* Build configuration list for PBXNativeTarget "07-有参有返回值" */;
			buildPhases = (
				641856E91B12098A000278E9 /* Sources */,
				641856EA1B12098A000278E9 /* Frameworks */,
				641856EB1B12098A000278E9 /* CopyFiles */,
			);
			buildRules = (
			);
			dependencies = (
			);
			name = "07-有参有返回值";
			productName = "07-有参有返回值";
			productReference = 641856ED1B12098A000278E9 /* 07-有参有返回值 */;
			productType = "com.apple.product-type.tool";
		};
		641856F71B121F92000278E9 /* 13-打印图形 */ = {
			isa = PBXNativeTarget;
			buildConfigurationList = 641856FC1B121F92000278E9 /* Build configuration list for PBXNativeTarget "13-打印图形" */;
			buildPhases = (
				641856F41B121F92000278E9 /* Sources */,
				641856F51B121F92000278E9 /* Frameworks */,
				641856F61B121F92000278E9 /* CopyFiles */,
			);
			buildRules = (
			);
			dependencies = (
			);
			name = "13-打印图形";
			productName = "13-打印图形";
			productReference = 641856F81B121F92000278E9 /* 13-打印图形 */;
			productType = "com.apple.product-type.tool";
		};
/* End PBXNativeTarget section */

/* Begin PBXProject section */
		641856D71B1205BC000278E9 /* Project object */ = {
			isa = PBXProject;
			attributes = {
				LastUpgradeCheck = 0620;
				ORGANIZATIONNAME = chan;
				TargetAttributes = {
					641856DE1B1205BC000278E9 = {
						CreatedOnToolsVersion = 6.2;
					};
					641856EC1B12098A000278E9 = {
						CreatedOnToolsVersion = 6.2;
					};
					641856F71B121F92000278E9 = {
						CreatedOnToolsVersion = 6.2;
					};
				};
			};
			buildConfigurationList = 641856DA1B1205BC000278E9 /* Build configuration list for PBXProject "C6-函数的使用" */;
			compatibilityVersion = "Xcode 3.2";
			developmentRegion = English;
			hasScannedForEncodings = 0;
			knownRegions = (
				en,
			);
			mainGroup = 641856D61B1205BC000278E9;
			productRefGroup = 641856E01B1205BC000278E9 /* Products */;
			projectDirPath = "";
			projectRoot = "";
			targets = (
				641856DE1B1205BC000278E9 /* C6-函数的使用 */,
				641856EC1B12098A000278E9 /* 07-有参有返回值 */,
				641856F71B121F92000278E9 /* 13-打印图形 */,
			);
		};
/* End PBXProject section */

/* Begin PBXSourcesBuildPhase section */
		641856DB1B1205BC000278E9 /* Sources */ = {
			isa = PBXSourcesBuildPhase;
			buildActionMask = 2147483647;
			files = (
				641856E31B1205BC000278E9 /* main.c in Sources */,
			);
			runOnlyForDeploymentPostprocessing = 0;
		};
		641856E91B12098A000278E9 /* Sources */ = {
			isa = PBXSourcesBuildPhase;
			buildActionMask = 2147483647;
			files = (
				641856F01B12098A000278E9 /* main.c in Sources */,
			);
			runOnlyForDeploymentPostprocessing = 0;
		};
		641856F41B121F92000278E9 /* Sources */ = {
			isa = PBXSourcesBuildPhase;
			buildActionMask = 2147483647;
			files = (
				641856FB1B121F92000278E9 /* main.c in Sources */,
			);
			runOnlyForDeploymentPostprocessing = 0;
		};
/* End PBXSourcesBuildPhase section */

/* Begin XCBuildConfiguration section */
		641856E41B1205BC000278E9 /* Debug */ = {
			isa = XCBuildConfiguration;
			buildSettings = {
				ALWAYS_SEARCH_USER_PATHS = NO;
				CLANG_CXX_LANGUAGE_STANDARD = "gnu++0x";
				CLANG_CXX_LIBRARY = "libc++";
				CLANG_ENABLE_MODULES = YES;
				CLANG_ENABLE_OBJC_ARC = YES;
				CLANG_WARN_BOOL_CONVERSION = YES;
				CLANG_WARN_CONSTANT_CONVERSION = YES;
				CLANG_WARN_DIRECT_OBJC_ISA_USAGE = YES_ERROR;
				CLANG_WARN_EMPTY_BODY = YES;
				CLANG_WARN_ENUM_CONVERSION = YES;
				CLANG_WARN_INT_CONVERSION = YES;
				CLANG_WARN_OBJC_ROOT_CLASS = YES_ERROR;
				CLANG_WARN_UNREACHABLE_CODE = YES;
				CLANG_WARN__DUPLICATE_METHOD_MATCH = YES;
				COPY_PHASE_STRIP = NO;
				ENABLE_STRICT_OBJC_MSGSEND = YES;
				GCC_C_LANGUAGE_STANDARD = gnu99;
				GCC_DYNAMIC_NO_PIC = NO;
				GCC_OPTIMIZATION_LEVEL = 0;
				GCC_PREPROCESSOR_DEFINITIONS = (
					"DEBUG=1",
					"$(inherited)",
				);
				GCC_SYMBOLS_PRIVATE_EXTERN = NO;
				GCC_WARN_64_TO_32_BIT_CONVERSION = YES;
				GCC_WARN_ABOUT_RETURN_TYPE = YES_ERROR;
				GCC_WARN_UNDECLARED_SELECTOR = YES;
				GCC_WARN_UNINITIALIZED_AUTOS = YES_AGGRESSIVE;
				GCC_WARN_UNUSED_FUNCTION = YES;
				GCC_WARN_UNUSED_VARIABLE = YES;
				MACOSX_DEPLOYMENT_TARGET = 10.10;
				MTL_ENABLE_DEBUG_INFO = YES;
				ONLY_ACTIVE_ARCH = YES;
				SDKROOT = macosx;
			};
			name = Debug;
		};
		641856E51B1205BC000278E9 /* Release */ = {
			isa = XCBuildConfiguration;
			buildSettings = {
				ALWAYS_SEARCH_USER_PATHS = NO;
				CLANG_CXX_LANGUAGE_STANDARD = "gnu++0x";
				CLANG_CXX_LIBRARY = "libc++";
				CLANG_ENABLE_MODULES = YES;
				CLANG_ENABLE_OBJC_ARC = YES;
				CLANG_WARN_BOOL_CONVERSION = YES;
				CLANG_WARN_CONSTANT_CONVERSION = YES;
				CLANG_WARN_DIRECT_OBJC_ISA_USAGE = YES_ERROR;
				CLANG_WARN_EMPTY_BODY = YES;
				CLANG_WARN_ENUM_CONVERSION = YES;
				CLANG_WARN_INT_CONVERSION = YES;
				CLANG_WARN_OBJC_ROOT_CLASS = YES_ERROR;
				CLANG_WARN_UNREACHABLE_CODE = YES;
				CLANG_WARN__DUPLICATE_METHOD_MATCH = YES;
				COPY_PHASE_STRIP = NO;
				DEBUG_INFORMATION_FORMAT = "dwarf-with-dsym";
				ENABLE_NS_ASSERTIONS = NO;
				ENABLE_STRICT_OBJC_MSGSEND = YES;
				GCC_C_LANGUAGE_STANDARD = gnu99;
				GCC_WARN_64_TO_32_BIT_CONVERSION = YES;
				GCC_WARN_ABOUT_RETURN_TYPE = YES_ERROR;
				GCC_WARN_UNDECLARED_SELECTOR = YES;
				GCC_WARN_UNINITIALIZED_AUTOS = YES_AGGRESSIVE;
				GCC_WARN_UNUSED_FUNCTION = YES;
				GCC_WARN_UNUSED_VARIABLE = YES;
				MACOSX_DEPLOYMENT_TARGET = 10.10;
				MTL_ENABLE_DEBUG_INFO = NO;
				SDKROOT = macosx;
			};
			name = Release;
		};
		641856E71B1205BC000278E9 /* Debug */ = {
			isa = XCBuildConfiguration;
			buildSettings = {
				PRODUCT_NAME = "$(TARGET_NAME)";
			};
			name = Debug;
		};
		641856E81B1205BC000278E9 /* Release */ = {
			isa = XCBuildConfiguration;
			buildSettings = {
				PRODUCT_NAME = "$(TARGET_NAME)";
			};
			name = Release;
		};
		641856F21B12098A000278E9 /* Debug */ = {
			isa = XCBuildConfiguration;
			buildSettings = {
				GCC_PREPROCESSOR_DEFINITIONS = (
					"DEBUG=1",
					"$(inherited)",
				);
				PRODUCT_NAME = "$(TARGET_NAME)";
			};
			name = Debug;
		};
		641856F31B12098A000278E9 /* Release */ = {
			isa = XCBuildConfiguration;
			buildSettings = {
				PRODUCT_NAME = "$(TARGET_NAME)";
			};
			name = Release;
		};
		641856FD1B121F92000278E9 /* Debug */ = {
			isa = XCBuildConfiguration;
			buildSettings = {
				GCC_PREPROCESSOR_DEFINITIONS = (
					"DEBUG=1",
					"$(inherited)",
				);
				PRODUCT_NAME = "$(TARGET_NAME)";
			};
			name = Debug;
		};
		641856FE1B121F92000278E9 /* Release */ = {
			isa = XCBuildConfiguration;
			buildSettings = {
				PRODUCT_NAME = "$(TARGET_NAME)";
			};
			name = Release;
		};
/* End XCBuildConfiguration section */

/* Begin XCConfigurationList section */
		641856DA1B1205BC000278E9 /* Build configuration list for PBXProject "C6-函数的使用" */ = {
			isa = XCConfigurationList;
			buildConfigurations = (
				641856E41B1205BC000278E9 /* Debug */,
				641856E51B1205BC000278E9 /* Release */,
			);
			defaultConfigurationIsVisible = 0;
			defaultConfigurationName = Release;
		};
		641856E61B1205BC000278E9 /* Build configuration list for PBXNativeTarget "C6-函数的使用" */ = {
			isa = XCConfigurationList;
			buildConfigurations = (
				641856E71B1205BC000278E9 /* Debug */,
				641856E81B1205BC000278E9 /* Release */,
			);
			defaultConfigurationIsVisible = 0;
		};
		641856F11B12098A000278E9 /* Build configuration list for PBXNativeTarget "07-有参有返回值" */ = {
			isa = XCConfigurationList;
			buildConfigurations = (
				641856F21B12098A000278E9 /* Debug */,
				641856F31B12098A000278E9 /* Release */,
			);
			defaultConfigurationIsVisible = 0;
		};
		641856FC1B121F92000278E9 /* Build configuration list for PBXNativeTarget "13-打印图形" */ = {
			isa = XCConfigurationList;
			buildConfigurations = (
				641856FD1B121F92000278E9 /* Debug */,
				641856FE1B121F92000278E9 /* Release */,
			);
			defaultConfigurationIsVisible = 0;
		};
/* End XCConfigurationList section */
	};
	rootObject = 641856D71B1205BC000278E9 /* Project object */;
}
